
Microsoft Visual Studio Solution File, Format Version 12.00
# Visual Studio Version 17
VisualStudioVersion = 17.11.35222.181
MinimumVisualStudioVersion = 10.0.40219.1
Project("{9A19103F-16F7-4668-BE54-9A1E7A4F7556}") = "AvaloniaApplication2", "AvaloniaApplication2.csproj", "{D150FB63-FB8B-4AA9-B226-BAB6BDB10ECF}"
EndProject
Project("{9A19103F-16F7-4668-BE54-9A1E7A4F7556}") = "AvaloniaApplication2.Android", "..\AvaloniaApplication2.Android\AvaloniaApplication2.Android.csproj", "{783EDA3F-82B8-4C42-A2E6-2A9B88BECA97}"
EndProject
Project("{9A19103F-16F7-4668-BE54-9A1E7A4F7556}") = "AvaloniaApplication2.Desktop", "..\AvaloniaApplication2.Desktop\AvaloniaApplication2.Desktop.csproj", "{82672AB9-F4B2-4ECF-95D3-008443F749F5}"
EndProject
Project("{9A19103F-16F7-4668-BE54-9A1E7A4F7556}") = "AvaloniaApplication2.iOS", "..\AvaloniaApplication2.iOS\AvaloniaApplication2.iOS.csproj", "{034E6C82-3276-4A33-B5F0-DDB22E12FBF7}"
EndProject
Global
	GlobalSection(SolutionConfigurationPlatforms) = preSolution
		Debug|Any CPU = Debug|Any CPU
		Release|Any CPU = Release|Any CPU
	EndGlobalSection
	GlobalSection(ProjectConfigurationPlatforms) = postSolution
		{D150FB63-FB8B-4AA9-B226-BAB6BDB10ECF}.Debug|Any CPU.ActiveCfg = Debug|Any CPU
		{D150FB63-FB8B-4AA9-B226-BAB6BDB10ECF}.Debug|Any CPU.Build.0 = Debug|Any CPU
		{D150FB63-FB8B-4AA9-B226-BAB6BDB10ECF}.Release|Any CPU.ActiveCfg = Release|Any CPU
		{D150FB63-FB8B-4AA9-B226-BAB6BDB10ECF}.Release|Any CPU.Build.0 = Release|Any CPU
		{783EDA3F-82B8-4C42-A2E6-2A9B88BECA97}.Debug|Any CPU.ActiveCfg = Debug|Any CPU
		{783EDA3F-82B8-4C42-A2E6-2A9B88BECA97}.Debug|Any CPU.Build.0 = Debug|Any CPU
		{783EDA3F-82B8-4C42-A2E6-2A9B88BECA97}.Debug|Any CPU.Deploy.0 = Debug|Any CPU
		{783EDA3F-82B8-4C42-A2E6-2A9B88BECA97}.Release|Any CPU.ActiveCfg = Release|Any CPU
		{783EDA3F-82B8-4C42-A2E6-2A9B88BECA97}.Release|Any CPU.Build.0 = Release|Any CPU
		{783EDA3F-82B8-4C42-A2E6-2A9B88BECA97}.Release|Any CPU.Deploy.0 = Release|Any CPU
		{82672AB9-F4B2-4ECF-95D3-008443F749F5}.Debug|Any CPU.ActiveCfg = Debug|Any CPU
		{82672AB9-F4B2-4ECF-95D3-008443F749F5}.Debug|Any CPU.Build.0 = Debug|Any CPU
		{82672AB9-F4B2-4ECF-95D3-008443F749F5}.Release|Any CPU.ActiveCfg = Release|Any CPU
		{82672AB9-F4B2-4ECF-95D3-008443F749F5}.Release|Any CPU.Build.0 = Release|Any CPU
		{034E6C82-3276-4A33-B5F0-DDB22E12FBF7}.Debug|Any CPU.ActiveCfg = Debug|Any CPU
		{034E6C82-3276-4A33-B5F0-DDB22E12FBF7}.Debug|Any CPU.Build.0 = Debug|Any CPU
		{034E6C82-3276-4A33-B5F0-DDB22E12FBF7}.Debug|Any CPU.Deploy.0 = Debug|Any CPU
		{034E6C82-3276-4A33-B5F0-DDB22E12FBF7}.Release|Any CPU.ActiveCfg = Release|Any CPU
		{034E6C82-3276-4A33-B5F0-DDB22E12FBF7}.Release|Any CPU.Build.0 = Release|Any CPU
		{034E6C82-3276-4A33-B5F0-DDB22E12FBF7}.Release|Any CPU.Deploy.0 = Release|Any CPU
	EndGlobalSection
	GlobalSection(SolutionProperties) = preSolution
		HideSolutionNode = FALSE
	EndGlobalSection
	GlobalSection(ExtensibilityGlobals) = postSolution
		SolutionGuid = {4E9134F8-3BA5-4EE4-98B4-8EFB53CD48FC}
	EndGlobalSection
EndGlobal
